
Microsoft Visual Studio Solution File, Format Version 12.00
# Visual Studio Version 16
VisualStudioVersion = 16.0.31402.337
MinimumVisualStudioVersion = 10.0.40219.1
Project("{9A19103F-16F7-4668-BE54-9A1E7A4F7556}") = "ExpenseTracker", "PracticeProject\ExpenseTracker.csproj", "{46E92391-AC8F-4B52-B836-7CA09708564B}"
EndProject
Global
	GlobalSection(SolutionConfigurationPlatforms) = preSolution
		Debug|Any CPU = Debug|Any CPU
		Release|Any CPU = Release|Any CPU
	EndGlobalSection
	GlobalSection(ProjectConfigurationPlatforms) = postSolution
		{46E92391-AC8F-4B52-B836-7CA09708564B}.Debug|Any CPU.ActiveCfg = Debug|Any CPU
		{46E92391-AC8F-4B52-B836-7CA09708564B}.Debug|Any CPU.Build.0 = Debug|Any CPU
		{46E92391-AC8F-4B52-B836-7CA09708564B}.Release|Any CPU.ActiveCfg = Release|Any CPU
		{46E92391-AC8F-4B52-B836-7CA09708564B}.Release|Any CPU.Build.0 = Release|Any CPU
	EndGlobalSection
	GlobalSection(SolutionProperties) = preSolution
		HideSolutionNode = FALSE
	EndGlobalSection
	GlobalSection(ExtensibilityGlobals) = postSolution
		SolutionGuid = {B40DDC70-EF30-4FB2-B3FC-B018B68F1233}
	EndGlobalSection
EndGlobal
